
Microsoft Visual Studio Solution File, Format Version 12.00
# Visual Studio for Mac
Project("{FAE04EC0-301F-11D3-BF4B-00C04F79EFBC}") = "Assembly-CSharp", "Assembly-CSharp.csproj", "{33F96274-88CD-3902-3A9E-AFDF68B321A3}"
EndProject
Project("{FAE04EC0-301F-11D3-BF4B-00C04F79EFBC}") = "Assembly-CSharp-firstpass", "Assembly-CSharp-firstpass.csproj", "{D8A9BE33-DA1E-4085-4473-D089C6CECC51}"
EndProject
Project("{FAE04EC0-301F-11D3-BF4B-00C04F79EFBC}") = "Assembly-CSharp-Editor-firstpass", "Assembly-CSharp-Editor-firstpass.csproj", "{05B63CB3-F01D-D497-5411-CF2220F6A0E7}"
EndProject
Global
	GlobalSection(SolutionConfigurationPlatforms) = preSolution
		Debug|Any CPU = Debug|Any CPU
		Release|Any CPU = Release|Any CPU
	EndGlobalSection
	GlobalSection(ProjectConfigurationPlatforms) = postSolution
		{33F96274-88CD-3902-3A9E-AFDF68B321A3}.Debug|Any CPU.ActiveCfg = Debug|Any CPU
		{33F96274-88CD-3902-3A9E-AFDF68B321A3}.Debug|Any CPU.Build.0 = Debug|Any CPU
		{33F96274-88CD-3902-3A9E-AFDF68B321A3}.Release|Any CPU.ActiveCfg = Release|Any CPU
		{33F96274-88CD-3902-3A9E-AFDF68B321A3}.Release|Any CPU.Build.0 = Release|Any CPU
		{D8A9BE33-DA1E-4085-4473-D089C6CECC51}.Debug|Any CPU.ActiveCfg = Debug|Any CPU
		{D8A9BE33-DA1E-4085-4473-D089C6CECC51}.Debug|Any CPU.Build.0 = Debug|Any CPU
		{D8A9BE33-DA1E-4085-4473-D089C6CECC51}.Release|Any CPU.ActiveCfg = Release|Any CPU
		{D8A9BE33-DA1E-4085-4473-D089C6CECC51}.Release|Any CPU.Build.0 = Release|Any CPU
		{05B63CB3-F01D-D497-5411-CF2220F6A0E7}.Debug|Any CPU.ActiveCfg = Debug|Any CPU
		{05B63CB3-F01D-D497-5411-CF2220F6A0E7}.Debug|Any CPU.Build.0 = Debug|Any CPU
		{05B63CB3-F01D-D497-5411-CF2220F6A0E7}.Release|Any CPU.ActiveCfg = Release|Any CPU
		{05B63CB3-F01D-D497-5411-CF2220F6A0E7}.Release|Any CPU.Build.0 = Release|Any CPU
	EndGlobalSection
	GlobalSection(SolutionProperties) = preSolution
		HideSolutionNode = FALSE
	EndGlobalSection
EndGlobal
