
Microsoft Visual Studio Solution File, Format Version 12.00
# Visual Studio for Mac
Project("{FAE04EC0-301F-11D3-BF4B-00C04F79EFBC}") = "Assembly-CSharp", "Assembly-CSharp.csproj", "{9CEEAFDE-8C0A-CC3B-5601-86FF41F33CB0}"
EndProject
Project("{FAE04EC0-301F-11D3-BF4B-00C04F79EFBC}") = "Assembly-CSharp-firstpass", "Assembly-CSharp-firstpass.csproj", "{E64A8FB5-3C1D-C200-DC0F-7A102023505D}"
EndProject
Global
	GlobalSection(SolutionConfigurationPlatforms) = preSolution
		Debug|Any CPU = Debug|Any CPU
		Release|Any CPU = Release|Any CPU
	EndGlobalSection
	GlobalSection(ProjectConfigurationPlatforms) = postSolution
		{9CEEAFDE-8C0A-CC3B-5601-86FF41F33CB0}.Debug|Any CPU.ActiveCfg = Debug|Any CPU
		{9CEEAFDE-8C0A-CC3B-5601-86FF41F33CB0}.Debug|Any CPU.Build.0 = Debug|Any CPU
		{9CEEAFDE-8C0A-CC3B-5601-86FF41F33CB0}.Release|Any CPU.ActiveCfg = Release|Any CPU
		{9CEEAFDE-8C0A-CC3B-5601-86FF41F33CB0}.Release|Any CPU.Build.0 = Release|Any CPU
		{E64A8FB5-3C1D-C200-DC0F-7A102023505D}.Debug|Any CPU.ActiveCfg = Debug|Any CPU
		{E64A8FB5-3C1D-C200-DC0F-7A102023505D}.Debug|Any CPU.Build.0 = Debug|Any CPU
		{E64A8FB5-3C1D-C200-DC0F-7A102023505D}.Release|Any CPU.ActiveCfg = Release|Any CPU
		{E64A8FB5-3C1D-C200-DC0F-7A102023505D}.Release|Any CPU.Build.0 = Release|Any CPU
	EndGlobalSection
	GlobalSection(SolutionProperties) = preSolution
		HideSolutionNode = FALSE
	EndGlobalSection
EndGlobal
